
Microsoft Visual Studio Solution File, Format Version 12.00
# Visual Studio Version 16
VisualStudioVersion = 16.0.808.6
MinimumVisualStudioVersion = 10.0.40219.1
Project("{FAE04EC0-301F-11D3-BF4B-00C04F79EFBC}") = "DesignPattern", "DesignPattern.csproj", "{4D63FB69-1145-44C1-B81A-917B7E6D4095}"
EndProject
Global
	GlobalSection(SolutionConfigurationPlatforms) = preSolution
		Debug|Any CPU = Debug|Any CPU
		Release|Any CPU = Release|Any CPU
	EndGlobalSection
	GlobalSection(ProjectConfigurationPlatforms) = postSolution
		{4D63FB69-1145-44C1-B81A-917B7E6D4095}.Debug|Any CPU.ActiveCfg = Debug|Any CPU
		{4D63FB69-1145-44C1-B81A-917B7E6D4095}.Debug|Any CPU.Build.0 = Debug|Any CPU
		{4D63FB69-1145-44C1-B81A-917B7E6D4095}.Release|Any CPU.ActiveCfg = Release|Any CPU
		{4D63FB69-1145-44C1-B81A-917B7E6D4095}.Release|Any CPU.Build.0 = Release|Any CPU
	EndGlobalSection
	GlobalSection(SolutionProperties) = preSolution
		HideSolutionNode = FALSE
	EndGlobalSection
	GlobalSection(ExtensibilityGlobals) = postSolution
		SolutionGuid = {3224B958-FCB3-4ABF-913F-191C1E14E8E5}
	EndGlobalSection
EndGlobal
